
Microsoft Visual Studio Solution File, Format Version 12.00
# Visual Studio Version 17
VisualStudioVersion = 17.0.32014.148
MinimumVisualStudioVersion = 10.0.40219.1
Project("{FAE04EC0-301F-11D3-BF4B-00C04F79EFBC}") = "PartyInvitesChaptThree", "PartyInvitesChaptThree\PartyInvitesChaptThree.csproj", "{1315022D-B8F5-4E73-B144-B6EABC7821D4}"
EndProject
Global
	GlobalSection(SolutionConfigurationPlatforms) = preSolution
		Debug|Any CPU = Debug|Any CPU
		Release|Any CPU = Release|Any CPU
	EndGlobalSection
	GlobalSection(ProjectConfigurationPlatforms) = postSolution
		{1315022D-B8F5-4E73-B144-B6EABC7821D4}.Debug|Any CPU.ActiveCfg = Debug|Any CPU
		{1315022D-B8F5-4E73-B144-B6EABC7821D4}.Debug|Any CPU.Build.0 = Debug|Any CPU
		{1315022D-B8F5-4E73-B144-B6EABC7821D4}.Release|Any CPU.ActiveCfg = Release|Any CPU
		{1315022D-B8F5-4E73-B144-B6EABC7821D4}.Release|Any CPU.Build.0 = Release|Any CPU
	EndGlobalSection
	GlobalSection(SolutionProperties) = preSolution
		HideSolutionNode = FALSE
	EndGlobalSection
	GlobalSection(ExtensibilityGlobals) = postSolution
		SolutionGuid = {9D2175DC-4CF3-4F07-AFFB-220362132534}
	EndGlobalSection
EndGlobal
